
Microsoft Visual Studio Solution File, Format Version 12.00
# Visual Studio Version 17
VisualStudioVersion = 17.5.33530.505
MinimumVisualStudioVersion = 10.0.40219.1
Project("{9A19103F-16F7-4668-BE54-9A1E7A4F7556}") = "CleanArchMVC.Domain", "CleanArchMVC.Domain\CleanArchMVC.Domain.csproj", "{1637D63A-CF98-4991-8E43-BFB46F48399E}"
EndProject
Project("{9A19103F-16F7-4668-BE54-9A1E7A4F7556}") = "CleanArchMVC.Application", "CleanArchMVC.Application\CleanArchMVC.Application.csproj", "{11CDF778-19A5-4F4D-9DB7-C7D796BEFA7A}"
EndProject
Project("{9A19103F-16F7-4668-BE54-9A1E7A4F7556}") = "CleanArchMVC.Infra", "CleanArchMVC.Infra\CleanArchMVC.Infra.csproj", "{725D5800-AEE1-434C-91AC-8E7D38E79739}"
EndProject
Project("{9A19103F-16F7-4668-BE54-9A1E7A4F7556}") = "CleanArchMVC.Ioc", "CleanArchMVC.Ioc\CleanArchMVC.Ioc.csproj", "{808EA8CF-C121-43E6-BEB5-19361119DA81}"
EndProject
Project("{9A19103F-16F7-4668-BE54-9A1E7A4F7556}") = "CleanArchMVC.WebUI", "CleanArchMVC.WebUI\CleanArchMVC.WebUI.csproj", "{67A2FCEF-31D4-40C3-9592-A5F92ED49403}"
EndProject
Project("{9A19103F-16F7-4668-BE54-9A1E7A4F7556}") = "CleanArchMVC.Domain.Tests", "CleanArchMVC.Domain.Tests\CleanArchMVC.Domain.Tests.csproj", "{342FC87F-0BF1-4A59-A8AD-832E0B91AB00}"
EndProject
Project("{FAE04EC0-301F-11D3-BF4B-00C04F79EFBC}") = "CleanArchMVC.API", "CleanArchMVC.API\CleanArchMVC.API.csproj", "{4BB83980-D16F-45B9-9136-69B4F5405359}"
EndProject
Global
	GlobalSection(SolutionConfigurationPlatforms) = preSolution
		Debug|Any CPU = Debug|Any CPU
		Release|Any CPU = Release|Any CPU
	EndGlobalSection
	GlobalSection(ProjectConfigurationPlatforms) = postSolution
		{1637D63A-CF98-4991-8E43-BFB46F48399E}.Debug|Any CPU.ActiveCfg = Debug|Any CPU
		{1637D63A-CF98-4991-8E43-BFB46F48399E}.Debug|Any CPU.Build.0 = Debug|Any CPU
		{1637D63A-CF98-4991-8E43-BFB46F48399E}.Release|Any CPU.ActiveCfg = Release|Any CPU
		{1637D63A-CF98-4991-8E43-BFB46F48399E}.Release|Any CPU.Build.0 = Release|Any CPU
		{11CDF778-19A5-4F4D-9DB7-C7D796BEFA7A}.Debug|Any CPU.ActiveCfg = Debug|Any CPU
		{11CDF778-19A5-4F4D-9DB7-C7D796BEFA7A}.Debug|Any CPU.Build.0 = Debug|Any CPU
		{11CDF778-19A5-4F4D-9DB7-C7D796BEFA7A}.Release|Any CPU.ActiveCfg = Release|Any CPU
		{11CDF778-19A5-4F4D-9DB7-C7D796BEFA7A}.Release|Any CPU.Build.0 = Release|Any CPU
		{725D5800-AEE1-434C-91AC-8E7D38E79739}.Debug|Any CPU.ActiveCfg = Debug|Any CPU
		{725D5800-AEE1-434C-91AC-8E7D38E79739}.Debug|Any CPU.Build.0 = Debug|Any CPU
		{725D5800-AEE1-434C-91AC-8E7D38E79739}.Release|Any CPU.ActiveCfg = Release|Any CPU
		{725D5800-AEE1-434C-91AC-8E7D38E79739}.Release|Any CPU.Build.0 = Release|Any CPU
		{808EA8CF-C121-43E6-BEB5-19361119DA81}.Debug|Any CPU.ActiveCfg = Debug|Any CPU
		{808EA8CF-C121-43E6-BEB5-19361119DA81}.Debug|Any CPU.Build.0 = Debug|Any CPU
		{808EA8CF-C121-43E6-BEB5-19361119DA81}.Release|Any CPU.ActiveCfg = Release|Any CPU
		{808EA8CF-C121-43E6-BEB5-19361119DA81}.Release|Any CPU.Build.0 = Release|Any CPU
		{67A2FCEF-31D4-40C3-9592-A5F92ED49403}.Debug|Any CPU.ActiveCfg = Debug|Any CPU
		{67A2FCEF-31D4-40C3-9592-A5F92ED49403}.Debug|Any CPU.Build.0 = Debug|Any CPU
		{67A2FCEF-31D4-40C3-9592-A5F92ED49403}.Release|Any CPU.ActiveCfg = Release|Any CPU
		{67A2FCEF-31D4-40C3-9592-A5F92ED49403}.Release|Any CPU.Build.0 = Release|Any CPU
		{342FC87F-0BF1-4A59-A8AD-832E0B91AB00}.Debug|Any CPU.ActiveCfg = Debug|Any CPU
		{342FC87F-0BF1-4A59-A8AD-832E0B91AB00}.Debug|Any CPU.Build.0 = Debug|Any CPU
		{342FC87F-0BF1-4A59-A8AD-832E0B91AB00}.Release|Any CPU.ActiveCfg = Release|Any CPU
		{342FC87F-0BF1-4A59-A8AD-832E0B91AB00}.Release|Any CPU.Build.0 = Release|Any CPU
		{4BB83980-D16F-45B9-9136-69B4F5405359}.Debug|Any CPU.ActiveCfg = Debug|Any CPU
		{4BB83980-D16F-45B9-9136-69B4F5405359}.Debug|Any CPU.Build.0 = Debug|Any CPU
		{4BB83980-D16F-45B9-9136-69B4F5405359}.Release|Any CPU.ActiveCfg = Release|Any CPU
		{4BB83980-D16F-45B9-9136-69B4F5405359}.Release|Any CPU.Build.0 = Release|Any CPU
	EndGlobalSection
	GlobalSection(SolutionProperties) = preSolution
		HideSolutionNode = FALSE
	EndGlobalSection
	GlobalSection(ExtensibilityGlobals) = postSolution
		SolutionGuid = {DC632512-D386-4707-A83F-A383E5CB7E6E}
	EndGlobalSection
EndGlobal
